
Microsoft Visual Studio Solution File, Format Version 12.00
# Visual Studio Version 16
VisualStudioVersion = 16.0.31702.278
MinimumVisualStudioVersion = 10.0.40219.1
Project("{FAE04EC0-301F-11D3-BF4B-00C04F79EFBC}") = "Navegador_web", "Navegador_web\Navegador_web.csproj", "{3EFF62A2-0C0B-4038-A719-4B127DF7F855}"
EndProject
Global
	GlobalSection(SolutionConfigurationPlatforms) = preSolution
		Debug|Any CPU = Debug|Any CPU
		Release|Any CPU = Release|Any CPU
	EndGlobalSection
	GlobalSection(ProjectConfigurationPlatforms) = postSolution
		{3EFF62A2-0C0B-4038-A719-4B127DF7F855}.Debug|Any CPU.ActiveCfg = Debug|Any CPU
		{3EFF62A2-0C0B-4038-A719-4B127DF7F855}.Debug|Any CPU.Build.0 = Debug|Any CPU
		{3EFF62A2-0C0B-4038-A719-4B127DF7F855}.Release|Any CPU.ActiveCfg = Release|Any CPU
		{3EFF62A2-0C0B-4038-A719-4B127DF7F855}.Release|Any CPU.Build.0 = Release|Any CPU
	EndGlobalSection
	GlobalSection(SolutionProperties) = preSolution
		HideSolutionNode = FALSE
	EndGlobalSection
	GlobalSection(ExtensibilityGlobals) = postSolution
		SolutionGuid = {00A75684-34F1-4160-9C11-3E512369D7EB}
	EndGlobalSection
EndGlobal
